PODS:
  - Alamofire (4.7.2)
  - KVOController (1.2.0)
  - SnapKit (4.0.0)

DEPENDENCIES:
  - Alamofire
  - KVOController
  - SnapKit

SPEC REPOS:
  https://github.com/CocoaPods/Specs.git:
    - Alamofire
    - SnapKit
  trunk:
    - KVOController

SPEC CHECKSUMS:
  Alamofire: e4fa87002c137ba2d8d634d2c51fabcda0d5c223
  KVOController: d72ace34afea42468329623b3379ab3cd1d286b6
  SnapKit: a42d492c16e80209130a3379f73596c3454b7694

PODFILE CHECKSUM: 15a3f43f0cb43fafbfaeca18bace06972d967607

COCOAPODS: 1.8.3
